{
  "name": "@boennemann/yarn-test-module",
  "version": "1.0.0",
  "lockfileVersion": 1,
  "requires": true,
  "dependencies": {
    "@boennemann/semver-fail-module": {
      "version": "1.0.0",
      "resolved": "https://registry.npmjs.org/@boennemann/semver-fail-module/-/semver-fail-module-1.0.0.tgz",
      "integrity": "sha1-JXkT/WtApQ5GxqYoAVsPnwq8e2w="
    }
  }
}
